
Microsoft Visual Studio Solution File, Format Version 12.00
# Visual Studio Version 17
VisualStudioVersion = 17.9.34607.119
MinimumVisualStudioVersion = 10.0.40219.1
Project("{778DAE3C-4631-46EA-AA77-85C1314464D9}") = "Nukepayload2.SourceGenerators.AvaloniaUI", "Nukepayload2.SourceGenerators.AvaloniaUI\Nukepayload2.SourceGenerators.AvaloniaUI.vbproj", "{7F59C0D9-C74B-46FC-8C12-21AFFDC59DB8}"
EndProject
Project("{9A19103F-16F7-4668-BE54-9A1E7A4F7556}") = "Avalonia.Generators", "Avalonia.Generators.Modified\Avalonia.Generators.csproj", "{4950A29B-0475-48ED-92DB-05EE03181781}"
EndProject
Project("{2150E333-8FDC-42A3-9474-1A3956D46DE8}") = "解决方案项", "解决方案项", "{B2DB58BE-E3D0-4839-A12B-83FAFDFD4A22}"
	ProjectSection(SolutionItems) = preProject
		README.md = README.md
	EndProjectSection
EndProject
Project("{2150E333-8FDC-42A3-9474-1A3956D46DE8}") = "Demos", "Demos", "{74C01F4C-3640-44B6-8477-84CD3E29C328}"
	ProjectSection(SolutionItems) = preProject
		Demos\Directory.Build.props = Demos\Directory.Build.props
	EndProjectSection
EndProject
Project("{778DAE3C-4631-46EA-AA77-85C1314464D9}") = "BasicMvvmSample", "Demos\BasicMvvmSample\BasicMvvmSample.vbproj", "{7DEDCD33-571E-477A-A4B9-C204178EED01}"
EndProject
Project("{778DAE3C-4631-46EA-AA77-85C1314464D9}") = "CommandSample", "Demos\CommandSample\CommandSample.vbproj", "{957DD4D6-3278-4A5B-BA44-78D9C27AA87B}"
EndProject
Project("{778DAE3C-4631-46EA-AA77-85C1314464D9}") = "ValidationSample", "Demos\ValidationSample\ValidationSample.vbproj", "{379D6744-0E25-4C6C-83DD-2EE5582221B7}"
EndProject
Project("{778DAE3C-4631-46EA-AA77-85C1314464D9}") = "ValueConversionSample", "Demos\ValueConversionSample\ValueConversionSample.vbproj", "{8F9488D4-C9F4-4D5F-8A54-A05B9A62C153}"
EndProject
Project("{778DAE3C-4631-46EA-AA77-85C1314464D9}") = "RatingControlSample", "Demos\RatingControlSample\RatingControlSample.vbproj", "{FF9345F6-04B7-436A-A353-7CD94E125462}"
EndProject
Global
	GlobalSection(SolutionConfigurationPlatforms) = preSolution
		Debug|Any CPU = Debug|Any CPU
		Release|Any CPU = Release|Any CPU
	EndGlobalSection
	GlobalSection(ProjectConfigurationPlatforms) = postSolution
		{7F59C0D9-C74B-46FC-8C12-21AFFDC59DB8}.Debug|Any CPU.ActiveCfg = Debug|Any CPU
		{7F59C0D9-C74B-46FC-8C12-21AFFDC59DB8}.Debug|Any CPU.Build.0 = Debug|Any CPU
		{7F59C0D9-C74B-46FC-8C12-21AFFDC59DB8}.Release|Any CPU.ActiveCfg = Release|Any CPU
		{7F59C0D9-C74B-46FC-8C12-21AFFDC59DB8}.Release|Any CPU.Build.0 = Release|Any CPU
		{4950A29B-0475-48ED-92DB-05EE03181781}.Debug|Any CPU.ActiveCfg = Debug|Any CPU
		{4950A29B-0475-48ED-92DB-05EE03181781}.Debug|Any CPU.Build.0 = Debug|Any CPU
		{4950A29B-0475-48ED-92DB-05EE03181781}.Release|Any CPU.ActiveCfg = Release|Any CPU
		{4950A29B-0475-48ED-92DB-05EE03181781}.Release|Any CPU.Build.0 = Release|Any CPU
		{7DEDCD33-571E-477A-A4B9-C204178EED01}.Debug|Any CPU.ActiveCfg = Debug|Any CPU
		{7DEDCD33-571E-477A-A4B9-C204178EED01}.Debug|Any CPU.Build.0 = Debug|Any CPU
		{7DEDCD33-571E-477A-A4B9-C204178EED01}.Release|Any CPU.ActiveCfg = Release|Any CPU
		{7DEDCD33-571E-477A-A4B9-C204178EED01}.Release|Any CPU.Build.0 = Release|Any CPU
		{957DD4D6-3278-4A5B-BA44-78D9C27AA87B}.Debug|Any CPU.ActiveCfg = Debug|Any CPU
		{957DD4D6-3278-4A5B-BA44-78D9C27AA87B}.Debug|Any CPU.Build.0 = Debug|Any CPU
		{957DD4D6-3278-4A5B-BA44-78D9C27AA87B}.Release|Any CPU.ActiveCfg = Release|Any CPU
		{957DD4D6-3278-4A5B-BA44-78D9C27AA87B}.Release|Any CPU.Build.0 = Release|Any CPU
		{379D6744-0E25-4C6C-83DD-2EE5582221B7}.Debug|Any CPU.ActiveCfg = Debug|Any CPU
		{379D6744-0E25-4C6C-83DD-2EE5582221B7}.Debug|Any CPU.Build.0 = Debug|Any CPU
		{379D6744-0E25-4C6C-83DD-2EE5582221B7}.Release|Any CPU.ActiveCfg = Release|Any CPU
		{379D6744-0E25-4C6C-83DD-2EE5582221B7}.Release|Any CPU.Build.0 = Release|Any CPU
		{8F9488D4-C9F4-4D5F-8A54-A05B9A62C153}.Debug|Any CPU.ActiveCfg = Debug|Any CPU
		{8F9488D4-C9F4-4D5F-8A54-A05B9A62C153}.Debug|Any CPU.Build.0 = Debug|Any CPU
		{8F9488D4-C9F4-4D5F-8A54-A05B9A62C153}.Release|Any CPU.ActiveCfg = Release|Any CPU
		{8F9488D4-C9F4-4D5F-8A54-A05B9A62C153}.Release|Any CPU.Build.0 = Release|Any CPU
		{FF9345F6-04B7-436A-A353-7CD94E125462}.Debug|Any CPU.ActiveCfg = Debug|Any CPU
		{FF9345F6-04B7-436A-A353-7CD94E125462}.Debug|Any CPU.Build.0 = Debug|Any CPU
		{FF9345F6-04B7-436A-A353-7CD94E125462}.Release|Any CPU.ActiveCfg = Release|Any CPU
		{FF9345F6-04B7-436A-A353-7CD94E125462}.Release|Any CPU.Build.0 = Release|Any CPU
	EndGlobalSection
	GlobalSection(SolutionProperties) = preSolution
		HideSolutionNode = FALSE
	EndGlobalSection
	GlobalSection(NestedProjects) = preSolution
		{7DEDCD33-571E-477A-A4B9-C204178EED01} = {74C01F4C-3640-44B6-8477-84CD3E29C328}
		{957DD4D6-3278-4A5B-BA44-78D9C27AA87B} = {74C01F4C-3640-44B6-8477-84CD3E29C328}
		{379D6744-0E25-4C6C-83DD-2EE5582221B7} = {74C01F4C-3640-44B6-8477-84CD3E29C328}
		{8F9488D4-C9F4-4D5F-8A54-A05B9A62C153} = {74C01F4C-3640-44B6-8477-84CD3E29C328}
		{FF9345F6-04B7-436A-A353-7CD94E125462} = {74C01F4C-3640-44B6-8477-84CD3E29C328}
	EndGlobalSection
	GlobalSection(ExtensibilityGlobals) = postSolution
		SolutionGuid = {14FDA700-11E2-4A33-901B-C1D75B98DC5E}
	EndGlobalSection
EndGlobal
