
Microsoft Visual Studio Solution File, Format Version 12.00
# Visual Studio Version 17
VisualStudioVersion = 17.9.34607.119
MinimumVisualStudioVersion = 10.0.40219.1
Project("{778DAE3C-4631-46EA-AA77-85C1314464D9}") = "Nukepayload2.SourceGenerators.AvaloniaUI", "Nukepayload2.SourceGenerators.AvaloniaUI\Nukepayload2.SourceGenerators.AvaloniaUI.vbproj", "{7F59C0D9-C74B-46FC-8C12-21AFFDC59DB8}"
EndProject
Project("{9A19103F-16F7-4668-BE54-9A1E7A4F7556}") = "Avalonia.Generators", "Avalonia.Generators.Modified\Avalonia.Generators.csproj", "{4950A29B-0475-48ED-92DB-05EE03181781}"
EndProject
Project("{2150E333-8FDC-42A3-9474-1A3956D46DE8}") = "解决方案项", "解决方案项", "{B2DB58BE-E3D0-4839-A12B-83FAFDFD4A22}"
	ProjectSection(SolutionItems) = preProject
		README.md = README.md
	EndProjectSection
EndProject
Project("{2150E333-8FDC-42A3-9474-1A3956D46DE8}") = "Demos", "Demos", "{74C01F4C-3640-44B6-8477-84CD3E29C328}"
	ProjectSection(SolutionItems) = preProject
		Demos\Directory.Build.props = Demos\Directory.Build.props
	EndProjectSection
EndProject
Project("{778DAE3C-4631-46EA-AA77-85C1314464D9}") = "BasicMvvmSample", "Demos\BasicMvvmSample\BasicMvvmSample.vbproj", "{7DEDCD33-571E-477A-A4B9-C204178EED01}"
EndProject
Project("{778DAE3C-4631-46EA-AA77-85C1314464D9}") = "CommandSample", "Demos\CommandSample\CommandSample.vbproj", "{957DD4D6-3278-4A5B-BA44-78D9C27AA87B}"
EndProject
Project("{778DAE3C-4631-46EA-AA77-85C1314464D9}") = "ValidationSample", "Demos\ValidationSample\ValidationSample.vbproj", "{379D6744-0E25-4C6C-83DD-2EE5582221B7}"
EndProject
Project("{778DAE3C-4631-46EA-AA77-85C1314464D9}") = "ValueConversionSample", "Demos\ValueConversionSample\ValueConversionSample.vbproj", "{8F9488D4-C9F4-4D5F-8A54-A05B9A62C153}"
EndProject
Project("{778DAE3C-4631-46EA-AA77-85C1314464D9}") = "RatingControlSample", "Demos\RatingControlSample\RatingControlSample.vbproj", "{FF9345F6-04B7-436A-A353-7CD94E125462}"
EndProject
Project("{2150E333-8FDC-42A3-9474-1A3956D46DE8}") = "CustomControls", "CustomControls", "{D29CB079-D6E6-4FBD-B806-8241035AE261}"
EndProject
Project("{2150E333-8FDC-42A3-9474-1A3956D46DE8}") = "Mvvm", "Mvvm", "{86AA7455-BFE6-44AD-95B1-7937F8A35770}"
EndProject
Project("{778DAE3C-4631-46EA-AA77-85C1314464D9}") = "BattleCity", "Demos\BattleCity\BattleCity.vbproj", "{32F62CAD-1F80-4141-A45C-FA8D0E8B636B}"
EndProject
Project("{2150E333-8FDC-42A3-9474-1A3956D46DE8}") = "Drawing", "Drawing", "{0C1B7604-9BA2-4A97-B67E-29FB501E21A6}"
EndProject
Project("{778DAE3C-4631-46EA-AA77-85C1314464D9}") = "PackageTestApp", "PackageTestApp\PackageTestApp.vbproj", "{A9BDB290-AA15-47D5-A945-1D8B4AD78B17}"
EndProject
Project("{2150E333-8FDC-42A3-9474-1A3956D46DE8}") = "DataTemplates", "DataTemplates", "{35F2F0E3-489A-42BF-A15F-B0899757F28B}"
EndProject
Project("{778DAE3C-4631-46EA-AA77-85C1314464D9}") = "BasicDataTemplateSample", "Demos\BasicDataTemplateSample\BasicDataTemplateSample.vbproj", "{A92B80AA-139B-4DEC-918F-A3B38B8F9182}"
EndProject
Project("{778DAE3C-4631-46EA-AA77-85C1314464D9}") = "FuncDataTemplateSample", "Demos\FuncDataTemplateSample\FuncDataTemplateSample.vbproj", "{B9A85EEC-2C59-4965-A43E-C7A14FE7F95C}"
EndProject
Project("{778DAE3C-4631-46EA-AA77-85C1314464D9}") = "IDataTemplateSample", "Demos\IDataTemplateSample\IDataTemplateSample.vbproj", "{8F0208F9-1F92-4D28-9746-1AFB5D2E9320}"
EndProject
Project("{2150E333-8FDC-42A3-9474-1A3956D46DE8}") = "Routing", "Routing", "{9EF96D7A-AA1D-402B-9624-D4BDF649A706}"
EndProject
Project("{2150E333-8FDC-42A3-9474-1A3956D46DE8}") = "ViewInteraction", "ViewInteraction", "{0532868B-BB91-45F5-A9BC-A0CCD3AEEFA0}"
EndProject
Project("{778DAE3C-4631-46EA-AA77-85C1314464D9}") = "BasicViewLocatorSample", "Demos\BasicViewLocatorSample\BasicViewLocatorSample.vbproj", "{00391A26-4337-4735-82A8-4D0BE6441B83}"
EndProject
Project("{778DAE3C-4631-46EA-AA77-85C1314464D9}") = "MvvmDialogSample", "Demos\MvvmDialogSample\MvvmDialogSample.vbproj", "{C71D0C6D-D3BF-456B-9B98-3AC48236049E}"
EndProject
Project("{778DAE3C-4631-46EA-AA77-85C1314464D9}") = "DialogManagerSample", "Demos\DialogManagerSample\DialogManagerSample.vbproj", "{A3BC9213-B2B1-4EA4-AFEF-DC61E93F8CF7}"
EndProject
Project("{2150E333-8FDC-42A3-9474-1A3956D46DE8}") = "Testing", "Testing", "{7957A079-F9D1-49CB-A1A8-F5215B686EF9}"
EndProject
Project("{778DAE3C-4631-46EA-AA77-85C1314464D9}") = "TestableApp", "Demos\TestableApp\TestableApp.vbproj", "{22C612FD-4C38-4144-9A61-BBD99CC30BFE}"
EndProject
Project("{778DAE3C-4631-46EA-AA77-85C1314464D9}") = "TestableApp.Headless.XUnit", "Demos\TestableApp.Headless.XUnit\TestableApp.Headless.XUnit.vbproj", "{E918C936-25F7-4197-86B6-FE1E44BC28FB}"
EndProject
Project("{778DAE3C-4631-46EA-AA77-85C1314464D9}") = "TestableApp.Headless.NUnit", "Demos\TestableApp.Headless.NUnit\TestableApp.Headless.NUnit.vbproj", "{3FA38598-AFA4-4E86-A2E0-2C45AF192150}"
EndProject
Project("{778DAE3C-4631-46EA-AA77-85C1314464D9}") = "TestableApp.Appium", "Demos\TestableApp.Appium\TestableApp.Appium.vbproj", "{0A9AB585-D749-4FD2-A07E-5F20B81CDDC4}"
EndProject
Project("{2150E333-8FDC-42A3-9474-1A3956D46DE8}") = "EventDriven", "EventDriven", "{378F436B-C052-4627-927F-395B6C2905AA}"
EndProject
Project("{778DAE3C-4631-46EA-AA77-85C1314464D9}") = "EventDrivenCodeBehindSample", "Demos\EventDrivenCodeBehindSample\EventDrivenCodeBehindSample.vbproj", "{259CC934-6CE9-4546-B132-90A851141224}"
EndProject
Global
	GlobalSection(SolutionConfigurationPlatforms) = preSolution
		Debug|Any CPU = Debug|Any CPU
		Release|Any CPU = Release|Any CPU
	EndGlobalSection
	GlobalSection(ProjectConfigurationPlatforms) = postSolution
		{7F59C0D9-C74B-46FC-8C12-21AFFDC59DB8}.Debug|Any CPU.ActiveCfg = Debug|Any CPU
		{7F59C0D9-C74B-46FC-8C12-21AFFDC59DB8}.Debug|Any CPU.Build.0 = Debug|Any CPU
		{7F59C0D9-C74B-46FC-8C12-21AFFDC59DB8}.Release|Any CPU.ActiveCfg = Release|Any CPU
		{7F59C0D9-C74B-46FC-8C12-21AFFDC59DB8}.Release|Any CPU.Build.0 = Release|Any CPU
		{4950A29B-0475-48ED-92DB-05EE03181781}.Debug|Any CPU.ActiveCfg = Debug|Any CPU
		{4950A29B-0475-48ED-92DB-05EE03181781}.Debug|Any CPU.Build.0 = Debug|Any CPU
		{4950A29B-0475-48ED-92DB-05EE03181781}.Release|Any CPU.ActiveCfg = Release|Any CPU
		{4950A29B-0475-48ED-92DB-05EE03181781}.Release|Any CPU.Build.0 = Release|Any CPU
		{7DEDCD33-571E-477A-A4B9-C204178EED01}.Debug|Any CPU.ActiveCfg = Debug|Any CPU
		{7DEDCD33-571E-477A-A4B9-C204178EED01}.Debug|Any CPU.Build.0 = Debug|Any CPU
		{7DEDCD33-571E-477A-A4B9-C204178EED01}.Release|Any CPU.ActiveCfg = Release|Any CPU
		{7DEDCD33-571E-477A-A4B9-C204178EED01}.Release|Any CPU.Build.0 = Release|Any CPU
		{957DD4D6-3278-4A5B-BA44-78D9C27AA87B}.Debug|Any CPU.ActiveCfg = Debug|Any CPU
		{957DD4D6-3278-4A5B-BA44-78D9C27AA87B}.Debug|Any CPU.Build.0 = Debug|Any CPU
		{957DD4D6-3278-4A5B-BA44-78D9C27AA87B}.Release|Any CPU.ActiveCfg = Release|Any CPU
		{957DD4D6-3278-4A5B-BA44-78D9C27AA87B}.Release|Any CPU.Build.0 = Release|Any CPU
		{379D6744-0E25-4C6C-83DD-2EE5582221B7}.Debug|Any CPU.ActiveCfg = Debug|Any CPU
		{379D6744-0E25-4C6C-83DD-2EE5582221B7}.Debug|Any CPU.Build.0 = Debug|Any CPU
		{379D6744-0E25-4C6C-83DD-2EE5582221B7}.Release|Any CPU.ActiveCfg = Release|Any CPU
		{379D6744-0E25-4C6C-83DD-2EE5582221B7}.Release|Any CPU.Build.0 = Release|Any CPU
		{8F9488D4-C9F4-4D5F-8A54-A05B9A62C153}.Debug|Any CPU.ActiveCfg = Debug|Any CPU
		{8F9488D4-C9F4-4D5F-8A54-A05B9A62C153}.Debug|Any CPU.Build.0 = Debug|Any CPU
		{8F9488D4-C9F4-4D5F-8A54-A05B9A62C153}.Release|Any CPU.ActiveCfg = Release|Any CPU
		{8F9488D4-C9F4-4D5F-8A54-A05B9A62C153}.Release|Any CPU.Build.0 = Release|Any CPU
		{FF9345F6-04B7-436A-A353-7CD94E125462}.Debug|Any CPU.ActiveCfg = Debug|Any CPU
		{FF9345F6-04B7-436A-A353-7CD94E125462}.Debug|Any CPU.Build.0 = Debug|Any CPU
		{FF9345F6-04B7-436A-A353-7CD94E125462}.Release|Any CPU.ActiveCfg = Release|Any CPU
		{FF9345F6-04B7-436A-A353-7CD94E125462}.Release|Any CPU.Build.0 = Release|Any CPU
		{32F62CAD-1F80-4141-A45C-FA8D0E8B636B}.Debug|Any CPU.ActiveCfg = Debug|Any CPU
		{32F62CAD-1F80-4141-A45C-FA8D0E8B636B}.Debug|Any CPU.Build.0 = Debug|Any CPU
		{32F62CAD-1F80-4141-A45C-FA8D0E8B636B}.Release|Any CPU.ActiveCfg = Release|Any CPU
		{32F62CAD-1F80-4141-A45C-FA8D0E8B636B}.Release|Any CPU.Build.0 = Release|Any CPU
		{A9BDB290-AA15-47D5-A945-1D8B4AD78B17}.Debug|Any CPU.ActiveCfg = Debug|Any CPU
		{A9BDB290-AA15-47D5-A945-1D8B4AD78B17}.Debug|Any CPU.Build.0 = Debug|Any CPU
		{A9BDB290-AA15-47D5-A945-1D8B4AD78B17}.Release|Any CPU.ActiveCfg = Release|Any CPU
		{A9BDB290-AA15-47D5-A945-1D8B4AD78B17}.Release|Any CPU.Build.0 = Release|Any CPU
		{A92B80AA-139B-4DEC-918F-A3B38B8F9182}.Debug|Any CPU.ActiveCfg = Debug|Any CPU
		{A92B80AA-139B-4DEC-918F-A3B38B8F9182}.Debug|Any CPU.Build.0 = Debug|Any CPU
		{A92B80AA-139B-4DEC-918F-A3B38B8F9182}.Release|Any CPU.ActiveCfg = Release|Any CPU
		{A92B80AA-139B-4DEC-918F-A3B38B8F9182}.Release|Any CPU.Build.0 = Release|Any CPU
		{B9A85EEC-2C59-4965-A43E-C7A14FE7F95C}.Debug|Any CPU.ActiveCfg = Debug|Any CPU
		{B9A85EEC-2C59-4965-A43E-C7A14FE7F95C}.Debug|Any CPU.Build.0 = Debug|Any CPU
		{B9A85EEC-2C59-4965-A43E-C7A14FE7F95C}.Release|Any CPU.ActiveCfg = Release|Any CPU
		{B9A85EEC-2C59-4965-A43E-C7A14FE7F95C}.Release|Any CPU.Build.0 = Release|Any CPU
		{8F0208F9-1F92-4D28-9746-1AFB5D2E9320}.Debug|Any CPU.ActiveCfg = Debug|Any CPU
		{8F0208F9-1F92-4D28-9746-1AFB5D2E9320}.Debug|Any CPU.Build.0 = Debug|Any CPU
		{8F0208F9-1F92-4D28-9746-1AFB5D2E9320}.Release|Any CPU.ActiveCfg = Release|Any CPU
		{8F0208F9-1F92-4D28-9746-1AFB5D2E9320}.Release|Any CPU.Build.0 = Release|Any CPU
		{00391A26-4337-4735-82A8-4D0BE6441B83}.Debug|Any CPU.ActiveCfg = Debug|Any CPU
		{00391A26-4337-4735-82A8-4D0BE6441B83}.Debug|Any CPU.Build.0 = Debug|Any CPU
		{00391A26-4337-4735-82A8-4D0BE6441B83}.Release|Any CPU.ActiveCfg = Release|Any CPU
		{00391A26-4337-4735-82A8-4D0BE6441B83}.Release|Any CPU.Build.0 = Release|Any CPU
		{C71D0C6D-D3BF-456B-9B98-3AC48236049E}.Debug|Any CPU.ActiveCfg = Debug|Any CPU
		{C71D0C6D-D3BF-456B-9B98-3AC48236049E}.Debug|Any CPU.Build.0 = Debug|Any CPU
		{C71D0C6D-D3BF-456B-9B98-3AC48236049E}.Release|Any CPU.ActiveCfg = Release|Any CPU
		{C71D0C6D-D3BF-456B-9B98-3AC48236049E}.Release|Any CPU.Build.0 = Release|Any CPU
		{A3BC9213-B2B1-4EA4-AFEF-DC61E93F8CF7}.Debug|Any CPU.ActiveCfg = Debug|Any CPU
		{A3BC9213-B2B1-4EA4-AFEF-DC61E93F8CF7}.Debug|Any CPU.Build.0 = Debug|Any CPU
		{A3BC9213-B2B1-4EA4-AFEF-DC61E93F8CF7}.Release|Any CPU.ActiveCfg = Release|Any CPU
		{A3BC9213-B2B1-4EA4-AFEF-DC61E93F8CF7}.Release|Any CPU.Build.0 = Release|Any CPU
		{22C612FD-4C38-4144-9A61-BBD99CC30BFE}.Debug|Any CPU.ActiveCfg = Debug|Any CPU
		{22C612FD-4C38-4144-9A61-BBD99CC30BFE}.Debug|Any CPU.Build.0 = Debug|Any CPU
		{22C612FD-4C38-4144-9A61-BBD99CC30BFE}.Release|Any CPU.ActiveCfg = Release|Any CPU
		{22C612FD-4C38-4144-9A61-BBD99CC30BFE}.Release|Any CPU.Build.0 = Release|Any CPU
		{E918C936-25F7-4197-86B6-FE1E44BC28FB}.Debug|Any CPU.ActiveCfg = Debug|Any CPU
		{E918C936-25F7-4197-86B6-FE1E44BC28FB}.Debug|Any CPU.Build.0 = Debug|Any CPU
		{E918C936-25F7-4197-86B6-FE1E44BC28FB}.Release|Any CPU.ActiveCfg = Release|Any CPU
		{E918C936-25F7-4197-86B6-FE1E44BC28FB}.Release|Any CPU.Build.0 = Release|Any CPU
		{3FA38598-AFA4-4E86-A2E0-2C45AF192150}.Debug|Any CPU.ActiveCfg = Debug|Any CPU
		{3FA38598-AFA4-4E86-A2E0-2C45AF192150}.Debug|Any CPU.Build.0 = Debug|Any CPU
		{3FA38598-AFA4-4E86-A2E0-2C45AF192150}.Release|Any CPU.ActiveCfg = Release|Any CPU
		{3FA38598-AFA4-4E86-A2E0-2C45AF192150}.Release|Any CPU.Build.0 = Release|Any CPU
		{0A9AB585-D749-4FD2-A07E-5F20B81CDDC4}.Debug|Any CPU.ActiveCfg = Debug|Any CPU
		{0A9AB585-D749-4FD2-A07E-5F20B81CDDC4}.Debug|Any CPU.Build.0 = Debug|Any CPU
		{0A9AB585-D749-4FD2-A07E-5F20B81CDDC4}.Release|Any CPU.ActiveCfg = Release|Any CPU
		{0A9AB585-D749-4FD2-A07E-5F20B81CDDC4}.Release|Any CPU.Build.0 = Release|Any CPU
		{259CC934-6CE9-4546-B132-90A851141224}.Debug|Any CPU.ActiveCfg = Debug|Any CPU
		{259CC934-6CE9-4546-B132-90A851141224}.Debug|Any CPU.Build.0 = Debug|Any CPU
		{259CC934-6CE9-4546-B132-90A851141224}.Release|Any CPU.ActiveCfg = Release|Any CPU
		{259CC934-6CE9-4546-B132-90A851141224}.Release|Any CPU.Build.0 = Release|Any CPU
	EndGlobalSection
	GlobalSection(SolutionProperties) = preSolution
		HideSolutionNode = FALSE
	EndGlobalSection
	GlobalSection(NestedProjects) = preSolution
		{7DEDCD33-571E-477A-A4B9-C204178EED01} = {86AA7455-BFE6-44AD-95B1-7937F8A35770}
		{957DD4D6-3278-4A5B-BA44-78D9C27AA87B} = {86AA7455-BFE6-44AD-95B1-7937F8A35770}
		{379D6744-0E25-4C6C-83DD-2EE5582221B7} = {86AA7455-BFE6-44AD-95B1-7937F8A35770}
		{8F9488D4-C9F4-4D5F-8A54-A05B9A62C153} = {86AA7455-BFE6-44AD-95B1-7937F8A35770}
		{FF9345F6-04B7-436A-A353-7CD94E125462} = {D29CB079-D6E6-4FBD-B806-8241035AE261}
		{D29CB079-D6E6-4FBD-B806-8241035AE261} = {74C01F4C-3640-44B6-8477-84CD3E29C328}
		{86AA7455-BFE6-44AD-95B1-7937F8A35770} = {74C01F4C-3640-44B6-8477-84CD3E29C328}
		{32F62CAD-1F80-4141-A45C-FA8D0E8B636B} = {0C1B7604-9BA2-4A97-B67E-29FB501E21A6}
		{0C1B7604-9BA2-4A97-B67E-29FB501E21A6} = {74C01F4C-3640-44B6-8477-84CD3E29C328}
		{35F2F0E3-489A-42BF-A15F-B0899757F28B} = {74C01F4C-3640-44B6-8477-84CD3E29C328}
		{A92B80AA-139B-4DEC-918F-A3B38B8F9182} = {35F2F0E3-489A-42BF-A15F-B0899757F28B}
		{B9A85EEC-2C59-4965-A43E-C7A14FE7F95C} = {35F2F0E3-489A-42BF-A15F-B0899757F28B}
		{8F0208F9-1F92-4D28-9746-1AFB5D2E9320} = {35F2F0E3-489A-42BF-A15F-B0899757F28B}
		{9EF96D7A-AA1D-402B-9624-D4BDF649A706} = {74C01F4C-3640-44B6-8477-84CD3E29C328}
		{0532868B-BB91-45F5-A9BC-A0CCD3AEEFA0} = {74C01F4C-3640-44B6-8477-84CD3E29C328}
		{00391A26-4337-4735-82A8-4D0BE6441B83} = {9EF96D7A-AA1D-402B-9624-D4BDF649A706}
		{C71D0C6D-D3BF-456B-9B98-3AC48236049E} = {0532868B-BB91-45F5-A9BC-A0CCD3AEEFA0}
		{A3BC9213-B2B1-4EA4-AFEF-DC61E93F8CF7} = {0532868B-BB91-45F5-A9BC-A0CCD3AEEFA0}
		{7957A079-F9D1-49CB-A1A8-F5215B686EF9} = {74C01F4C-3640-44B6-8477-84CD3E29C328}
		{22C612FD-4C38-4144-9A61-BBD99CC30BFE} = {7957A079-F9D1-49CB-A1A8-F5215B686EF9}
		{E918C936-25F7-4197-86B6-FE1E44BC28FB} = {7957A079-F9D1-49CB-A1A8-F5215B686EF9}
		{3FA38598-AFA4-4E86-A2E0-2C45AF192150} = {7957A079-F9D1-49CB-A1A8-F5215B686EF9}
		{0A9AB585-D749-4FD2-A07E-5F20B81CDDC4} = {7957A079-F9D1-49CB-A1A8-F5215B686EF9}
		{378F436B-C052-4627-927F-395B6C2905AA} = {74C01F4C-3640-44B6-8477-84CD3E29C328}
		{259CC934-6CE9-4546-B132-90A851141224} = {378F436B-C052-4627-927F-395B6C2905AA}
	EndGlobalSection
	GlobalSection(ExtensibilityGlobals) = postSolution
		SolutionGuid = {14FDA700-11E2-4A33-901B-C1D75B98DC5E}
	EndGlobalSection
EndGlobal
